PODS:
  - SocketCluster-ios-client (2.0.2):
    - SocketRocket
  - SocketRocket (0.5.1)

DEPENDENCIES:
  - SocketCluster-ios-client (from `../`)

EXTERNAL SOURCES:
  SocketCluster-ios-client:
    :path: ../

SPEC CHECKSUMS:
  SocketCluster-ios-client: 059a432d899ef1928198413d1f8bd9579c0f2d21
  SocketRocket: d57c7159b83c3c6655745cd15302aa24b6bae531

COCOAPODS: 0.39.0
